
Microsoft Visual Studio Solution File, Format Version 12.00
# Visual Studio 15
VisualStudioVersion = 15.0.28307.572
MinimumVisualStudioVersion = 10.0.40219.1
Project("{9A19103F-16F7-4668-BE54-9A1E7A4F7556}") = "MRZReader.Core", "MRZReader.Core\MRZReader.Core.csproj", "{4D58D2E6-05F1-4AF1-83F2-5F52E6B6107C}"
EndProject
Project("{9A19103F-16F7-4668-BE54-9A1E7A4F7556}") = "MRZReader.Web", "MRZReader.Web\MRZReader.Web.csproj", "{5545600A-F18A-4A89-B751-6BCA7244B9C9}"
EndProject
Project("{9A19103F-16F7-4668-BE54-9A1E7A4F7556}") = "MRZReader.Dal", "MRZReader.Dal\MRZReader.Dal.csproj", "{F8D02D71-7E9E-48E1-A50D-4E217FF50832}"
EndProject
Project("{9A19103F-16F7-4668-BE54-9A1E7A4F7556}") = "MRZReader.DataExtractor", "MRZReader.DataExtractor\MRZReader.DataExtractor.csproj", "{97DF360C-AA91-48C2-92B9-278965ADD924}"
EndProject
Project("{FAE04EC0-301F-11D3-BF4B-00C04F79EFBC}") = "MRZReader.Cache", "MRZReader.Cache\MRZReader.Cache.csproj", "{C834FA80-8ED7-454A-824E-5A0391E681B9}"
EndProject
Project("{FAE04EC0-301F-11D3-BF4B-00C04F79EFBC}") = "MRZReader.Handlers", "MRZReader.Handlers\MRZReader.Handlers.csproj", "{087EA2E6-A29C-41DA-8152-30C652E6F343}"
EndProject
Project("{FAE04EC0-301F-11D3-BF4B-00C04F79EFBC}") = "MRZReader.Test", "MRZReader.Test\MRZReader.Test.csproj", "{7E10426E-1451-4F01-A0DD-EF33BA4E178B}"
EndProject
Global
	GlobalSection(SolutionConfigurationPlatforms) = preSolution
		Debug|Any CPU = Debug|Any CPU
		Release|Any CPU = Release|Any CPU
	EndGlobalSection
	GlobalSection(ProjectConfigurationPlatforms) = postSolution
		{4D58D2E6-05F1-4AF1-83F2-5F52E6B6107C}.Debug|Any CPU.ActiveCfg = Debug|Any CPU
		{4D58D2E6-05F1-4AF1-83F2-5F52E6B6107C}.Debug|Any CPU.Build.0 = Debug|Any CPU
		{4D58D2E6-05F1-4AF1-83F2-5F52E6B6107C}.Release|Any CPU.ActiveCfg = Release|Any CPU
		{4D58D2E6-05F1-4AF1-83F2-5F52E6B6107C}.Release|Any CPU.Build.0 = Release|Any CPU
		{5545600A-F18A-4A89-B751-6BCA7244B9C9}.Debug|Any CPU.ActiveCfg = Debug|Any CPU
		{5545600A-F18A-4A89-B751-6BCA7244B9C9}.Debug|Any CPU.Build.0 = Debug|Any CPU
		{5545600A-F18A-4A89-B751-6BCA7244B9C9}.Release|Any CPU.ActiveCfg = Release|Any CPU
		{5545600A-F18A-4A89-B751-6BCA7244B9C9}.Release|Any CPU.Build.0 = Release|Any CPU
		{F8D02D71-7E9E-48E1-A50D-4E217FF50832}.Debug|Any CPU.ActiveCfg = Debug|Any CPU
		{F8D02D71-7E9E-48E1-A50D-4E217FF50832}.Debug|Any CPU.Build.0 = Debug|Any CPU
		{F8D02D71-7E9E-48E1-A50D-4E217FF50832}.Release|Any CPU.ActiveCfg = Release|Any CPU
		{F8D02D71-7E9E-48E1-A50D-4E217FF50832}.Release|Any CPU.Build.0 = Release|Any CPU
		{97DF360C-AA91-48C2-92B9-278965ADD924}.Debug|Any CPU.ActiveCfg = Debug|Any CPU
		{97DF360C-AA91-48C2-92B9-278965ADD924}.Debug|Any CPU.Build.0 = Debug|Any CPU
		{97DF360C-AA91-48C2-92B9-278965ADD924}.Release|Any CPU.ActiveCfg = Release|Any CPU
		{97DF360C-AA91-48C2-92B9-278965ADD924}.Release|Any CPU.Build.0 = Release|Any CPU
		{C834FA80-8ED7-454A-824E-5A0391E681B9}.Debug|Any CPU.ActiveCfg = Debug|Any CPU
		{C834FA80-8ED7-454A-824E-5A0391E681B9}.Debug|Any CPU.Build.0 = Debug|Any CPU
		{C834FA80-8ED7-454A-824E-5A0391E681B9}.Release|Any CPU.ActiveCfg = Release|Any CPU
		{C834FA80-8ED7-454A-824E-5A0391E681B9}.Release|Any CPU.Build.0 = Release|Any CPU
		{087EA2E6-A29C-41DA-8152-30C652E6F343}.Debug|Any CPU.ActiveCfg = Debug|Any CPU
		{087EA2E6-A29C-41DA-8152-30C652E6F343}.Debug|Any CPU.Build.0 = Debug|Any CPU
		{087EA2E6-A29C-41DA-8152-30C652E6F343}.Release|Any CPU.ActiveCfg = Release|Any CPU
		{087EA2E6-A29C-41DA-8152-30C652E6F343}.Release|Any CPU.Build.0 = Release|Any CPU
		{7E10426E-1451-4F01-A0DD-EF33BA4E178B}.Debug|Any CPU.ActiveCfg = Debug|Any CPU
		{7E10426E-1451-4F01-A0DD-EF33BA4E178B}.Debug|Any CPU.Build.0 = Debug|Any CPU
		{7E10426E-1451-4F01-A0DD-EF33BA4E178B}.Release|Any CPU.ActiveCfg = Release|Any CPU
		{7E10426E-1451-4F01-A0DD-EF33BA4E178B}.Release|Any CPU.Build.0 = Release|Any CPU
	EndGlobalSection
	GlobalSection(SolutionProperties) = preSolution
		HideSolutionNode = FALSE
	EndGlobalSection
	GlobalSection(ExtensibilityGlobals) = postSolution
		SolutionGuid = {CCA316E4-3310-44EB-91D3-A983003A093B}
	EndGlobalSection
EndGlobal
